// !$*UTF8*$!
{
	archiveVersion = 1;
	classes = {
	};
	objectVersion = 50;
	objects = {

/* Begin PBXBuildFile section */
		BA4F85CE258C5BF90047512A /* AppDelegate.swift in Sources */ = {isa = PBXBuildFile; fileRef = BA4F85CD258C5BF90047512A /* AppDelegate.swift */; };
		BA4F85D0258C5BF90047512A /* SceneDelegate.swift in Sources */ = {isa = PBXBuildFile; fileRef = BA4F85CF258C5BF90047512A /* SceneDelegate.swift */; };
		BA4F85D2258C5BF90047512A /* ViewController.swift in Sources */ = {isa = PBXBuildFile; fileRef = BA4F85D1258C5BF90047512A /* ViewController.swift */; };
		BA4F85D5258C5BF90047512A /* Main.storyboard in Resources */ = {isa = PBXBuildFile; fileRef = BA4F85D3258C5BF90047512A /* Main.storyboard */; };
		BA4F85D7258C5BFA0047512A /* Assets.xcassets in Resources */ = {isa = PBXBuildFile; fileRef = BA4F85D6258C5BFA0047512A /* Assets.xcassets */; };
		BA4F85DA258C5BFA0047512A /* LaunchScreen.storyboard in Resources */ = {isa = PBXBuildFile; fileRef = BA4F85D8258C5BFA0047512A /* LaunchScreen.storyboard */; };
		BA4F85E4258C7E940047512A /* NextViewController.swift in Sources */ = {isa = PBXBuildFile; fileRef = BA4F85E3258C7E940047512A /* NextViewController.swift */; };
/* End PBXBuildFile section */

/* Begin PBXFileReference section */
		BA4F85CA258C5BF90047512A /* Swift6Button1.app */ = {isa = PBXFileReference; explicitFileType = wrapper.application; includeInIndex = 0; path = Swift6Button1.app; sourceTree = BUILT_PRODUCTS_DIR; };
		BA4F85CD258C5BF90047512A /* AppDelegate.swift */ = {isa = PBXFileReference; lastKnownFileType = sourcecode.swift; path = AppDelegate.swift; sourceTree = "<group>"; };
		BA4F85CF258C5BF90047512A /* SceneDelegate.swift */ = {isa = PBXFileReference; lastKnownFileType = sourcecode.swift; path = SceneDelegate.swift; sourceTree = "<group>"; };
		BA4F85D1258C5BF90047512A /* ViewController.swift */ = {isa = PBXFileReference; lastKnownFileType = sourcecode.swift; path = ViewController.swift; sourceTree = "<group>"; };
		BA4F85D4258C5BF90047512A /* Base */ = {isa = PBXFileReference; lastKnownFileType = file.storyboard; name = Base; path = Base.lproj/Main.storyboard; sourceTree = "<group>"; };
		BA4F85D6258C5BFA0047512A /* Assets.xcassets */ = {isa = PBXFileReference; lastKnownFileType = folder.assetcatalog; path = Assets.xcassets; sourceTree = "<group>"; };
		BA4F85D9258C5BFA0047512A /* Base */ = {isa = PBXFileReference; lastKnownFileType = file.storyboard; name = Base; path = Base.lproj/LaunchScreen.storyboard; sourceTree = "<group>"; };
		BA4F85DB258C5BFA0047512A /* Info.plist */ = {isa = PBXFileReference; lastKnownFileType = text.plist.xml; path = Info.plist; sourceTree = "<group>"; };
		BA4F85E3258C7E940047512A /* NextViewController.swift */ = {isa = PBXFileReference; lastKnownFileType = sourcecode.swift; path = NextViewController.swift; sourceTree = "<group>"; };
/* End PBXFileReference section */

/* Begin PBXFrameworksBuildPhase section */
		BA4F85C7258C5BF90047512A /* Frameworks */ = {
			isa = PBXFrameworksBuildPhase;
			buildActionMask = 2147483647;
			files = (
			);
			runOnlyForDeploymentPostprocessing = 0;
		};
/* End PBXFrameworksBuildPhase section */

/* Begin PBXGroup section */
		BA4F85C1258C5BF90047512A = {
			isa = PBXGroup;
			children = (
				BA4F85CC258C5BF90047512A /* Swift6Button1 */,
				BA4F85CB258C5BF90047512A /* Products */,
			);
			sourceTree = "<group>";
		};
		BA4F85CB258C5BF90047512A /* Products */ = {
			isa = PBXGroup;
			children = (
				BA4F85CA258C5BF90047512A /* Swift6Button1.app */,
			);
			name = Products;
			sourceTree = "<group>";
		};
		BA4F85CC258C5BF90047512A /* Swift6Button1 */ = {
			isa = PBXGroup;
			children = (
				BA4F85CD258C5BF90047512A /* AppDelegate.swift */,
				BA4F85CF258C5BF90047512A /* SceneDelegate.swift */,
				BA4F85D1258C5BF90047512A /* ViewController.swift */,
				BA4F85E3258C7E940047512A /* NextViewController.swift */,
				BA4F85D3258C5BF90047512A /* Main.storyboard */,
				BA4F85D6258C5BFA0047512A /* Assets.xcassets */,
				BA4F85D8258C5BFA0047512A /* LaunchScreen.storyboard */,
				BA4F85DB258C5BFA0047512A /* Info.plist */,
			);
			path = Swift6Button1;
			sourceTree = "<group>";
		};
/* End PBXGroup section */

/* Begin PBXNativeTarget section */
		BA4F85C9258C5BF90047512A /* Swift6Button1 */ = {
			isa = PBXNativeTarget;
			buildConfigurationList = BA4F85DE258C5BFA0047512A /* Build configuration list for PBXNativeTarget "Swift6Button1" */;
			buildPhases = (
				BA4F85C6258C5BF90047512A /* Sources */,
				BA4F85C7258C5BF90047512A /* Frameworks */,
				BA4F85C8258C5BF90047512A /* Resources */,
			);
			buildRules = (
			);
			dependencies = (
			);
			name = Swift6Button1;
			productName = Swift6Button1;
			productReference = BA4F85CA258C5BF90047512A /* Swift6Button1.app */;
			productType = "com.apple.product-type.application";
		};
/* End PBXNativeTarget section */

/* Begin PBXProject section */
		BA4F85C2258C5BF90047512A /* Project object */ = {
			isa = PBXProject;
			attributes = {
				LastSwiftUpdateCheck = 1230;
				LastUpgradeCheck = 1230;
				TargetAttributes = {
					BA4F85C9258C5BF90047512A = {
						CreatedOnToolsVersion = 12.3;
					};
				};
			};
			buildConfigurationList = BA4F85C5258C5BF90047512A /* Build configuration list for PBXProject "Swift6Button1" */;
			compatibilityVersion = "Xcode 9.3";
			developmentRegion = en;
			hasScannedForEncodings = 0;
			knownRegions = (
				en,
				Base,
			);
			mainGroup = BA4F85C1258C5BF90047512A;
			productRefGroup = BA4F85CB258C5BF90047512A /* Products */;
			projectDirPath = "";
			projectRoot = "";
			targets = (
				BA4F85C9258C5BF90047512A /* Swift6Button1 */,
			);
		};
/* End PBXProject section */

/* Begin PBXResourcesBuildPhase section */
		BA4F85C8258C5BF90047512A /* Resources */ = {
			isa = PBXResourcesBuildPhase;
			buildActionMask = 2147483647;
			files = (
				BA4F85DA258C5BFA0047512A /* LaunchScreen.storyboard in Resources */,
				BA4F85D7258C5BFA0047512A /* Assets.xcassets in Resources */,
				BA4F85D5258C5BF90047512A /* Main.storyboard in Resources */,
			);
			runOnlyForDeploymentPostprocessing = 0;
		};
/* End PBXResourcesBuildPhase section */

/* Begin PBXSourcesBuildPhase section */
		BA4F85C6258C5BF90047512A /* Sources */ = {
			isa = PBXSourcesBuildPhase;
			buildActionMask = 2147483647;
			files = (
				BA4F85D2258C5BF90047512A /* ViewController.swift in Sources */,
				BA4F85E4258C7E940047512A /* NextViewController.swift in Sources */,
				BA4F85CE258C5BF90047512A /* AppDelegate.swift in Sources */,
				BA4F85D0258C5BF90047512A /* SceneDelegate.swift in Sources */,
			);
			runOnlyForDeploymentPostprocessing = 0;
		};
/* End PBXSourcesBuildPhase section */

/* Begin PBXVariantGroup section */
		BA4F85D3258C5BF90047512A /* Main.storyboard */ = {
			isa = PBXVariantGroup;
			children = (
				BA4F85D4258C5BF90047512A /* Base */,
			);
			name = Main.storyboard;
			sourceTree = "<group>";
		};
		BA4F85D8258C5BFA0047512A /* LaunchScreen.storyboard */ = {
			isa = PBXVariantGroup;
			children = (
				BA4F85D9258C5BFA0047512A /* Base */,
			);
			name = LaunchScreen.storyboard;
			sourceTree = "<group>";
		};
/* End PBXVariantGroup section */

/* Begin XCBuildConfiguration section */
		BA4F85DC258C5BFA0047512A /* Debug */ = {
			isa = XCBuildConfiguration;
			buildSettings = {
				ALWAYS_SEARCH_USER_PATHS = NO;
				CLANG_ANALYZER_NONNULL = YES;
				CLANG_ANALYZER_NUMBER_OBJECT_CONVERSION = YES_AGGRESSIVE;
				CLANG_CXX_LANGUAGE_STANDARD = "gnu++14";
				CLANG_CXX_LIBRARY = "libc++";
				CLANG_ENABLE_MODULES = YES;
				CLANG_ENABLE_OBJC_ARC = YES;
				CLANG_ENABLE_OBJC_WEAK = YES;
				CLANG_WARN_BLOCK_CAPTURE_AUTORELEASING = YES;
				CLANG_WARN_BOOL_CONVERSION = YES;
				CLANG_WARN_COMMA = YES;
				CLANG_WARN_CONSTANT_CONVERSION = YES;
				CLANG_WARN_DEPRECATED_OBJC_IMPLEMENTATIONS = YES;
				CLANG_WARN_DIRECT_OBJC_ISA_USAGE = YES_ERROR;
				CLANG_WARN_DOCUMENTATION_COMMENTS = YES;
				CLANG_WARN_EMPTY_BODY = YES;
				CLANG_WARN_ENUM_CONVERSION = YES;
				CLANG_WARN_INFINITE_RECURSION = YES;
				CLANG_WARN_INT_CONVERSION = YES;
				CLANG_WARN_NON_LITERAL_NULL_CONVERSION = YES;
				CLANG_WARN_OBJC_IMPLICIT_RETAIN_SELF = YES;
				CLANG_WARN_OBJC_LITERAL_CONVERSION = YES;
				CLANG_WARN_OBJC_ROOT_CLASS = YES_ERROR;
				CLANG_WARN_QUOTED_INCLUDE_IN_FRAMEWORK_HEADER = YES;
				CLANG_WARN_RANGE_LOOP_ANALYSIS = YES;
				CLANG_WARN_STRICT_PROTOTYPES = YES;
				CLANG_WARN_SUSPICIOUS_MOVE = YES;
				CLANG_WARN_UNGUARDED_AVAILABILITY = YES_AGGRESSIVE;
				CLANG_WARN_UNREACHABLE_CODE = YES;
				CLANG_WARN__DUPLICATE_METHOD_MATCH = YES;
				COPY_PHASE_STRIP = NO;
				DEBUG_INFORMATION_FORMAT = dwarf;
				ENABLE_STRICT_OBJC_MSGSEND = YES;
				ENABLE_TESTABILITY = YES;
				GCC_C_LANGUAGE_STANDARD = gnu11;
				GCC_DYNAMIC_NO_PIC = NO;
				GCC_NO_COMMON_BLOCKS = YES;
				GCC_OPTIMIZATION_LEVEL = 0;
				GCC_PREPROCESSOR_DEFINITIONS = (
					"DEBUG=1",
					"$(inherited)",
				);
				GCC_WARN_64_TO_32_BIT_CONVERSION = YES;
				GCC_WARN_ABOUT_RETURN_TYPE = YES_ERROR;
				GCC_WARN_UNDECLARED_SELECTOR = YES;
				GCC_WARN_UNINITIALIZED_AUTOS = YES_AGGRESSIVE;
				GCC_WARN_UNUSED_FUNCTION = YES;
				GCC_WARN_UNUSED_VARIABLE = YES;
				IPHONEOS_DEPLOYMENT_TARGET = 14.3;
				MTL_ENABLE_DEBUG_INFO = INCLUDE_SOURCE;
				MTL_FAST_MATH = YES;
				ONLY_ACTIVE_ARCH = YES;
				SDKROOT = iphoneos;
				SWIFT_ACTIVE_COMPILATION_CONDITIONS = DEBUG;
				SWIFT_OPTIMIZATION_LEVEL = "-Onone";
			};
			name = Debug;
		};
		BA4F85DD258C5BFA0047512A /* Release */ = {
			isa = XCBuildConfiguration;
			buildSettings = {
				ALWAYS_SEARCH_USER_PATHS = NO;
				CLANG_ANALYZER_NONNULL = YES;
				CLANG_ANALYZER_NUMBER_OBJECT_CONVERSION = YES_AGGRESSIVE;
				CLANG_CXX_LANGUAGE_STANDARD = "gnu++14";
				CLANG_CXX_LIBRARY = "libc++";
				CLANG_ENABLE_MODULES = YES;
				CLANG_ENABLE_OBJC_ARC = YES;
				CLANG_ENABLE_OBJC_WEAK = YES;
				CLANG_WARN_BLOCK_CAPTURE_AUTORELEASING = YES;
				CLANG_WARN_BOOL_CONVERSION = YES;
				CLANG_WARN_COMMA = YES;
				CLANG_WARN_CONSTANT_CONVERSION = YES;
				CLANG_WARN_DEPRECATED_OBJC_IMPLEMENTATIONS = YES;
				CLANG_WARN_DIRECT_OBJC_ISA_USAGE = YES_ERROR;
				CLANG_WARN_DOCUMENTATION_COMMENTS = YES;
				CLANG_WARN_EMPTY_BODY = YES;
				CLANG_WARN_ENUM_CONVERSION = YES;
				CLANG_WARN_INFINITE_RECURSION = YES;
				CLANG_WARN_INT_CONVERSION = YES;
				CLANG_WARN_NON_LITERAL_NULL_CONVERSION = YES;
				CLANG_WARN_OBJC_IMPLICIT_RETAIN_SELF = YES;
				CLANG_WARN_OBJC_LITERAL_CONVERSION = YES;
				CLANG_WARN_OBJC_ROOT_CLASS = YES_ERROR;
				CLANG_WARN_QUOTED_INCLUDE_IN_FRAMEWORK_HEADER = YES;
				CLANG_WARN_RANGE_LOOP_ANALYSIS = YES;
				CLANG_WARN_STRICT_PROTOTYPES = YES;
				CLANG_WARN_SUSPICIOUS_MOVE = YES;
				CLANG_WARN_UNGUARDED_AVAILABILITY = YES_AGGRESSIVE;
				CLANG_WARN_UNREACHABLE_CODE = YES;
				CLANG_WARN__DUPLICATE_METHOD_MATCH = YES;
				COPY_PHASE_STRIP = NO;
				DEBUG_INFORMATION_FORMAT = "dwarf-with-dsym";
				ENABLE_NS_ASSERTIONS = NO;
				ENABLE_STRICT_OBJC_MSGSEND = YES;
				GCC_C_LANGUAGE_STANDARD = gnu11;
				GCC_NO_COMMON_BLOCKS = YES;
				GCC_WARN_64_TO_32_BIT_CONVERSION = YES;
				GCC_WARN_ABOUT_RETURN_TYPE = YES_ERROR;
				GCC_WARN_UNDECLARED_SELECTOR = YES;
				GCC_WARN_UNINITIALIZED_AUTOS = YES_AGGRESSIVE;
				GCC_WARN_UNUSED_FUNCTION = YES;
				GCC_WARN_UNUSED_VARIABLE = YES;
				IPHONEOS_DEPLOYMENT_TARGET = 14.3;
				MTL_ENABLE_DEBUG_INFO = NO;
				MTL_FAST_MATH = YES;
				SDKROOT = iphoneos;
				SWIFT_COMPILATION_MODE = wholemodule;
				SWIFT_OPTIMIZATION_LEVEL = "-O";
				VALIDATE_PRODUCT = YES;
			};
			name = Release;
		};
		BA4F85DF258C5BFA0047512A /* Debug */ = {
			isa = XCBuildConfiguration;
			buildSettings = {
				ASSETCATALOG_COMPILER_APPICON_NAME = AppIcon;
				ASSETCATALOG_COMPILER_GLOBAL_ACCENT_COLOR_NAME = AccentColor;
				CODE_SIGN_STYLE = Automatic;
				DEVELOPMENT_TEAM = 8ARG4D8LX2;
				INFOPLIST_FILE = Swift6Button1/Info.plist;
				LD_RUNPATH_SEARCH_PATHS = (
					"$(inherited)",
					"@executable_path/Frameworks",
				);
				PRODUCT_BUNDLE_IDENTIFIER = com.shouhei.Swift6Button1;
				PRODUCT_NAME = "$(TARGET_NAME)";
				SWIFT_VERSION = 5.0;
				TARGETED_DEVICE_FAMILY = 1;
			};
			name = Debug;
		};
		BA4F85E0258C5BFA0047512A /* Release */ = {
			isa = XCBuildConfiguration;
			buildSettings = {
				ASSETCATALOG_COMPILER_APPICON_NAME = AppIcon;
				ASSETCATALOG_COMPILER_GLOBAL_ACCENT_COLOR_NAME = AccentColor;
				CODE_SIGN_STYLE = Automatic;
				DEVELOPMENT_TEAM = 8ARG4D8LX2;
				INFOPLIST_FILE = Swift6Button1/Info.plist;
				LD_RUNPATH_SEARCH_PATHS = (
					"$(inherited)",
					"@executable_path/Frameworks",
				);
				PRODUCT_BUNDLE_IDENTIFIER = com.shouhei.Swift6Button1;
				PRODUCT_NAME = "$(TARGET_NAME)";
				SWIFT_VERSION = 5.0;
				TARGETED_DEVICE_FAMILY = 1;
			};
			name = Release;
		};
/* End XCBuildConfiguration section */

/* Begin XCConfigurationList section */
		BA4F85C5258C5BF90047512A /* Build configuration list for PBXProject "Swift6Button1" */ = {
			isa = XCConfigurationList;
			buildConfigurations = (
				BA4F85DC258C5BFA0047512A /* Debug */,
				BA4F85DD258C5BFA0047512A /* Release */,
			);
			defaultConfigurationIsVisible = 0;
			defaultConfigurationName = Release;
		};
		BA4F85DE258C5BFA0047512A /* Build configuration list for PBXNativeTarget "Swift6Button1" */ = {
			isa = XCConfigurationList;
			buildConfigurations = (
				BA4F85DF258C5BFA0047512A /* Debug */,
				BA4F85E0258C5BFA0047512A /* Release */,
			);
			defaultConfigurationIsVisible = 0;
			defaultConfigurationName = Release;
		};
/* End XCConfigurationList section */
	};
	rootObject = BA4F85C2258C5BF90047512A /* Project object */;
}
